FORGE
  remote: http://forge.puppetlabs.com
  specs:
    hunner/wordpress (0.6.0)
      puppetlabs/concat (>= 1.0.0)
      puppetlabs/mysql (>= 2.1.0)
      puppetlabs/stdlib (>= 2.3.1)
    jfryman/nginx (0.0.9)
      puppetlabs/apt (>= 1.0.0)
      puppetlabs/concat (>= 1.0.0)
      puppetlabs/stdlib (>= 0.1.6)
    puppetlabs/apache (0.10.0)
      puppetlabs/concat (>= 1.0.0)
      puppetlabs/stdlib (>= 2.4.0)
    puppetlabs/apt (1.4.2)
      puppetlabs/stdlib (>= 2.2.1)
    puppetlabs/concat (1.1.0-rc1)
      puppetlabs/stdlib (>= 3.0.0)
    puppetlabs/firewall (1.0.2)
    puppetlabs/mysql (2.2.3)
      puppetlabs/stdlib (>= 3.2.0)
    puppetlabs/stdlib (4.1.0)
    saz/ssh (2.3.3)
      puppetlabs/stdlib (>= 2.2.1)
    saz/sudo (2.4.3)

DEPENDENCIES
  hunner/wordpress (= 0.6.0)
  jfryman/nginx (= 0.0.9)
  puppetlabs/apache (= 0.10.0)
  puppetlabs/firewall (= 1.0.2)
  puppetlabs/mysql (= 2.2.3)
  saz/ssh (= 2.3.3)
  saz/sudo (= 2.4.3)

